
Microsoft Visual Studio Solution File, Format Version 12.00
# Visual Studio Version 16
VisualStudioVersion = 16.0.31229.75
MinimumVisualStudioVersion = 10.0.40219.1
Project("{FAE04EC0-301F-11D3-BF4B-00C04F79EFBC}") = "NotesApp.UWP", "NotesApp\NotesApp.UWP\NotesApp.UWP.csproj", "{CEA37999-141D-4124-BFFA-3F49E8C30742}"
EndProject
Project("{FAE04EC0-301F-11D3-BF4B-00C04F79EFBC}") = "NotesApp.Android", "NotesApp\NotesApp.Android\NotesApp.Android.csproj", "{3182E932-3D16-43D2-8BCC-4D249F9AAAA9}"
EndProject
Project("{FAE04EC0-301F-11D3-BF4B-00C04F79EFBC}") = "NotesApp.iOS", "NotesApp\NotesApp.iOS\NotesApp.iOS.csproj", "{4FDC7483-DA64-4F4B-B7E8-4FB70C5CE238}"
EndProject
Project("{FAE04EC0-301F-11D3-BF4B-00C04F79EFBC}") = "NotesApp", "NotesApp\NotesApp\NotesApp.csproj", "{ACD9E2BC-9124-43C5-9243-D20AAC1B2AB0}"
EndProject
Global
	GlobalSection(SolutionConfigurationPlatforms) = preSolution
		Debug|Any CPU = Debug|Any CPU
		Debug|ARM = Debug|ARM
		Debug|iPhone = Debug|iPhone
		Debug|iPhoneSimulator = Debug|iPhoneSimulator
		Debug|x64 = Debug|x64
		Debug|x86 = Debug|x86
		Release|Any CPU = Release|Any CPU
		Release|ARM = Release|ARM
		Release|iPhone = Release|iPhone
		Release|iPhoneSimulator = Release|iPhoneSimulator
		Release|x64 = Release|x64
		Release|x86 = Release|x86
	EndGlobalSection
	GlobalSection(ProjectConfigurationPlatforms) = postSolution
		{CEA37999-141D-4124-BFFA-3F49E8C30742}.Debug|Any CPU.ActiveCfg = Debug|x86
		{CEA37999-141D-4124-BFFA-3F49E8C30742}.Debug|Any CPU.Build.0 = Debug|x86
		{CEA37999-141D-4124-BFFA-3F49E8C30742}.Debug|Any CPU.Deploy.0 = Debug|x86
		{CEA37999-141D-4124-BFFA-3F49E8C30742}.Debug|ARM.ActiveCfg = Debug|ARM
		{CEA37999-141D-4124-BFFA-3F49E8C30742}.Debug|ARM.Build.0 = Debug|ARM
		{CEA37999-141D-4124-BFFA-3F49E8C30742}.Debug|ARM.Deploy.0 = Debug|ARM
		{CEA37999-141D-4124-BFFA-3F49E8C30742}.Debug|iPhone.ActiveCfg = Debug|x86
		{CEA37999-141D-4124-BFFA-3F49E8C30742}.Debug|iPhone.Build.0 = Debug|x86
		{CEA37999-141D-4124-BFFA-3F49E8C30742}.Debug|iPhone.Deploy.0 = Debug|x86
		{CEA37999-141D-4124-BFFA-3F49E8C30742}.Debug|iPhoneSimulator.ActiveCfg = Debug|x86
		{CEA37999-141D-4124-BFFA-3F49E8C30742}.Debug|iPhoneSimulator.Build.0 = Debug|x86
		{CEA37999-141D-4124-BFFA-3F49E8C30742}.Debug|iPhoneSimulator.Deploy.0 = Debug|x86
		{CEA37999-141D-4124-BFFA-3F49E8C30742}.Debug|x64.ActiveCfg = Debug|x64
		{CEA37999-141D-4124-BFFA-3F49E8C30742}.Debug|x64.Build.0 = Debug|x64
		{CEA37999-141D-4124-BFFA-3F49E8C30742}.Debug|x64.Deploy.0 = Debug|x64
		{CEA37999-141D-4124-BFFA-3F49E8C30742}.Debug|x86.ActiveCfg = Debug|x86
		{CEA37999-141D-4124-BFFA-3F49E8C30742}.Debug|x86.Build.0 = Debug|x86
		{CEA37999-141D-4124-BFFA-3F49E8C30742}.Debug|x86.Deploy.0 = Debug|x86
		{CEA37999-141D-4124-BFFA-3F49E8C30742}.Release|Any CPU.ActiveCfg = Release|x86
		{CEA37999-141D-4124-BFFA-3F49E8C30742}.Release|Any CPU.Build.0 = Release|x86
		{CEA37999-141D-4124-BFFA-3F49E8C30742}.Release|Any CPU.Deploy.0 = Release|x86
		{CEA37999-141D-4124-BFFA-3F49E8C30742}.Release|ARM.ActiveCfg = Release|ARM
		{CEA37999-141D-4124-BFFA-3F49E8C30742}.Release|ARM.Build.0 = Release|ARM
		{CEA37999-141D-4124-BFFA-3F49E8C30742}.Release|ARM.Deploy.0 = Release|ARM
		{CEA37999-141D-4124-BFFA-3F49E8C30742}.Release|iPhone.ActiveCfg = Release|x86
		{CEA37999-141D-4124-BFFA-3F49E8C30742}.Release|iPhone.Build.0 = Release|x86
		{CEA37999-141D-4124-BFFA-3F49E8C30742}.Release|iPhone.Deploy.0 = Release|x86
		{CEA37999-141D-4124-BFFA-3F49E8C30742}.Release|iPhoneSimulator.ActiveCfg = Release|x86
		{CEA37999-141D-4124-BFFA-3F49E8C30742}.Release|iPhoneSimulator.Build.0 = Release|x86
		{CEA37999-141D-4124-BFFA-3F49E8C30742}.Release|iPhoneSimulator.Deploy.0 = Release|x86
		{CEA37999-141D-4124-BFFA-3F49E8C30742}.Release|x64.ActiveCfg = Release|x64
		{CEA37999-141D-4124-BFFA-3F49E8C30742}.Release|x64.Build.0 = Release|x64
		{CEA37999-141D-4124-BFFA-3F49E8C30742}.Release|x64.Deploy.0 = Release|x64
		{CEA37999-141D-4124-BFFA-3F49E8C30742}.Release|x86.ActiveCfg = Release|x86
		{CEA37999-141D-4124-BFFA-3F49E8C30742}.Release|x86.Build.0 = Release|x86
		{CEA37999-141D-4124-BFFA-3F49E8C30742}.Release|x86.Deploy.0 = Release|x86
		{3182E932-3D16-43D2-8BCC-4D249F9AAAA9}.Debug|Any CPU.ActiveCfg = Debug|Any CPU
		{3182E932-3D16-43D2-8BCC-4D249F9AAAA9}.Debug|Any CPU.Build.0 = Debug|Any CPU
		{3182E932-3D16-43D2-8BCC-4D249F9AAAA9}.Debug|Any CPU.Deploy.0 = Debug|Any CPU
		{3182E932-3D16-43D2-8BCC-4D249F9AAAA9}.Debug|ARM.ActiveCfg = Debug|Any CPU
		{3182E932-3D16-43D2-8BCC-4D249F9AAAA9}.Debug|ARM.Build.0 = Debug|Any CPU
		{3182E932-3D16-43D2-8BCC-4D249F9AAAA9}.Debug|ARM.Deploy.0 = Debug|Any CPU
		{3182E932-3D16-43D2-8BCC-4D249F9AAAA9}.Debug|iPhone.ActiveCfg = Debug|Any CPU
		{3182E932-3D16-43D2-8BCC-4D249F9AAAA9}.Debug|iPhone.Build.0 = Debug|Any CPU
		{3182E932-3D16-43D2-8BCC-4D249F9AAAA9}.Debug|iPhone.Deploy.0 = Debug|Any CPU
		{3182E932-3D16-43D2-8BCC-4D249F9AAAA9}.Debug|iPhoneSimulator.ActiveCfg = Debug|Any CPU
		{3182E932-3D16-43D2-8BCC-4D249F9AAAA9}.Debug|iPhoneSimulator.Build.0 = Debug|Any CPU
		{3182E932-3D16-43D2-8BCC-4D249F9AAAA9}.Debug|iPhoneSimulator.Deploy.0 = Debug|Any CPU
		{3182E932-3D16-43D2-8BCC-4D249F9AAAA9}.Debug|x64.ActiveCfg = Debug|Any CPU
		{3182E932-3D16-43D2-8BCC-4D249F9AAAA9}.Debug|x64.Build.0 = Debug|Any CPU
		{3182E932-3D16-43D2-8BCC-4D249F9AAAA9}.Debug|x64.Deploy.0 = Debug|Any CPU
		{3182E932-3D16-43D2-8BCC-4D249F9AAAA9}.Debug|x86.ActiveCfg = Debug|Any CPU
		{3182E932-3D16-43D2-8BCC-4D249F9AAAA9}.Debug|x86.Build.0 = Debug|Any CPU
		{3182E932-3D16-43D2-8BCC-4D249F9AAAA9}.Debug|x86.Deploy.0 = Debug|Any CPU
		{3182E932-3D16-43D2-8BCC-4D249F9AAAA9}.Release|Any CPU.ActiveCfg = Release|Any CPU
		{3182E932-3D16-43D2-8BCC-4D249F9AAAA9}.Release|Any CPU.Build.0 = Release|Any CPU
		{3182E932-3D16-43D2-8BCC-4D249F9AAAA9}.Release|Any CPU.Deploy.0 = Release|Any CPU
		{3182E932-3D16-43D2-8BCC-4D249F9AAAA9}.Release|ARM.ActiveCfg = Release|Any CPU
		{3182E932-3D16-43D2-8BCC-4D249F9AAAA9}.Release|ARM.Build.0 = Release|Any CPU
		{3182E932-3D16-43D2-8BCC-4D249F9AAAA9}.Release|ARM.Deploy.0 = Release|Any CPU
		{3182E932-3D16-43D2-8BCC-4D249F9AAAA9}.Release|iPhone.ActiveCfg = Release|Any CPU
		{3182E932-3D16-43D2-8BCC-4D249F9AAAA9}.Release|iPhone.Build.0 = Release|Any CPU
		{3182E932-3D16-43D2-8BCC-4D249F9AAAA9}.Release|iPhone.Deploy.0 = Release|Any CPU
		{3182E932-3D16-43D2-8BCC-4D249F9AAAA9}.Release|iPhoneSimulator.ActiveCfg = Release|Any CPU
		{3182E932-3D16-43D2-8BCC-4D249F9AAAA9}.Release|iPhoneSimulator.Build.0 = Release|Any CPU
		{3182E932-3D16-43D2-8BCC-4D249F9AAAA9}.Release|iPhoneSimulator.Deploy.0 = Release|Any CPU
		{3182E932-3D16-43D2-8BCC-4D249F9AAAA9}.Release|x64.ActiveCfg = Release|Any CPU
		{3182E932-3D16-43D2-8BCC-4D249F9AAAA9}.Release|x64.Build.0 = Release|Any CPU
		{3182E932-3D16-43D2-8BCC-4D249F9AAAA9}.Release|x64.Deploy.0 = Release|Any CPU
		{3182E932-3D16-43D2-8BCC-4D249F9AAAA9}.Release|x86.ActiveCfg = Release|Any CPU
		{3182E932-3D16-43D2-8BCC-4D249F9AAAA9}.Release|x86.Build.0 = Release|Any CPU
		{3182E932-3D16-43D2-8BCC-4D249F9AAAA9}.Release|x86.Deploy.0 = Release|Any CPU
		{4FDC7483-DA64-4F4B-B7E8-4FB70C5CE238}.Debug|Any CPU.ActiveCfg = Debug|iPhoneSimulator
		{4FDC7483-DA64-4F4B-B7E8-4FB70C5CE238}.Debug|Any CPU.Build.0 = Debug|iPhoneSimulator
		{4FDC7483-DA64-4F4B-B7E8-4FB70C5CE238}.Debug|Any CPU.Deploy.0 = Debug|iPhoneSimulator
		{4FDC7483-DA64-4F4B-B7E8-4FB70C5CE238}.Debug|ARM.ActiveCfg = Debug|iPhone
		{4FDC7483-DA64-4F4B-B7E8-4FB70C5CE238}.Debug|ARM.Build.0 = Debug|iPhone
		{4FDC7483-DA64-4F4B-B7E8-4FB70C5CE238}.Debug|ARM.Deploy.0 = Debug|iPhone
		{4FDC7483-DA64-4F4B-B7E8-4FB70C5CE238}.Debug|iPhone.ActiveCfg = Debug|iPhone
		{4FDC7483-DA64-4F4B-B7E8-4FB70C5CE238}.Debug|iPhone.Build.0 = Debug|iPhone
		{4FDC7483-DA64-4F4B-B7E8-4FB70C5CE238}.Debug|iPhone.Deploy.0 = Debug|iPhone
		{4FDC7483-DA64-4F4B-B7E8-4FB70C5CE238}.Debug|iPhoneSimulator.ActiveCfg = Debug|iPhoneSimulator
		{4FDC7483-DA64-4F4B-B7E8-4FB70C5CE238}.Debug|iPhoneSimulator.Build.0 = Debug|iPhoneSimulator
		{4FDC7483-DA64-4F4B-B7E8-4FB70C5CE238}.Debug|iPhoneSimulator.Deploy.0 = Debug|iPhoneSimulator
		{4FDC7483-DA64-4F4B-B7E8-4FB70C5CE238}.Debug|x64.ActiveCfg = Debug|iPhoneSimulator
		{4FDC7483-DA64-4F4B-B7E8-4FB70C5CE238}.Debug|x64.Build.0 = Debug|iPhoneSimulator
		{4FDC7483-DA64-4F4B-B7E8-4FB70C5CE238}.Debug|x64.Deploy.0 = Debug|iPhoneSimulator
		{4FDC7483-DA64-4F4B-B7E8-4FB70C5CE238}.Debug|x86.ActiveCfg = Debug|iPhoneSimulator
		{4FDC7483-DA64-4F4B-B7E8-4FB70C5CE238}.Debug|x86.Build.0 = Debug|iPhoneSimulator
		{4FDC7483-DA64-4F4B-B7E8-4FB70C5CE238}.Debug|x86.Deploy.0 = Debug|iPhoneSimulator
		{4FDC7483-DA64-4F4B-B7E8-4FB70C5CE238}.Release|Any CPU.ActiveCfg = Release|iPhoneSimulator
		{4FDC7483-DA64-4F4B-B7E8-4FB70C5CE238}.Release|Any CPU.Build.0 = Release|iPhoneSimulator
		{4FDC7483-DA64-4F4B-B7E8-4FB70C5CE238}.Release|Any CPU.Deploy.0 = Release|iPhoneSimulator
		{4FDC7483-DA64-4F4B-B7E8-4FB70C5CE238}.Release|ARM.ActiveCfg = Release|iPhoneSimulator
		{4FDC7483-DA64-4F4B-B7E8-4FB70C5CE238}.Release|ARM.Build.0 = Release|iPhoneSimulator
		{4FDC7483-DA64-4F4B-B7E8-4FB70C5CE238}.Release|ARM.Deploy.0 = Release|iPhoneSimulator
		{4FDC7483-DA64-4F4B-B7E8-4FB70C5CE238}.Release|iPhone.ActiveCfg = Release|iPhone
		{4FDC7483-DA64-4F4B-B7E8-4FB70C5CE238}.Release|iPhone.Build.0 = Release|iPhone
		{4FDC7483-DA64-4F4B-B7E8-4FB70C5CE238}.Release|iPhone.Deploy.0 = Release|iPhone
		{4FDC7483-DA64-4F4B-B7E8-4FB70C5CE238}.Release|iPhoneSimulator.ActiveCfg = Release|iPhoneSimulator
		{4FDC7483-DA64-4F4B-B7E8-4FB70C5CE238}.Release|iPhoneSimulator.Build.0 = Release|iPhoneSimulator
		{4FDC7483-DA64-4F4B-B7E8-4FB70C5CE238}.Release|iPhoneSimulator.Deploy.0 = Release|iPhoneSimulator
		{4FDC7483-DA64-4F4B-B7E8-4FB70C5CE238}.Release|x64.ActiveCfg = Release|iPhoneSimulator
		{4FDC7483-DA64-4F4B-B7E8-4FB70C5CE238}.Release|x64.Build.0 = Release|iPhoneSimulator
		{4FDC7483-DA64-4F4B-B7E8-4FB70C5CE238}.Release|x64.Deploy.0 = Release|iPhoneSimulator
		{4FDC7483-DA64-4F4B-B7E8-4FB70C5CE238}.Release|x86.ActiveCfg = Release|iPhoneSimulator
		{4FDC7483-DA64-4F4B-B7E8-4FB70C5CE238}.Release|x86.Build.0 = Release|iPhoneSimulator
		{4FDC7483-DA64-4F4B-B7E8-4FB70C5CE238}.Release|x86.Deploy.0 = Release|iPhoneSimulator
		{ACD9E2BC-9124-43C5-9243-D20AAC1B2AB0}.Debug|Any CPU.ActiveCfg = Debug|Any CPU
		{ACD9E2BC-9124-43C5-9243-D20AAC1B2AB0}.Debug|Any CPU.Build.0 = Debug|Any CPU
		{ACD9E2BC-9124-43C5-9243-D20AAC1B2AB0}.Debug|Any CPU.Deploy.0 = Debug|Any CPU
		{ACD9E2BC-9124-43C5-9243-D20AAC1B2AB0}.Debug|ARM.ActiveCfg = Debug|Any CPU
		{ACD9E2BC-9124-43C5-9243-D20AAC1B2AB0}.Debug|ARM.Build.0 = Debug|Any CPU
		{ACD9E2BC-9124-43C5-9243-D20AAC1B2AB0}.Debug|ARM.Deploy.0 = Debug|Any CPU
		{ACD9E2BC-9124-43C5-9243-D20AAC1B2AB0}.Debug|iPhone.ActiveCfg = Debug|Any CPU
		{ACD9E2BC-9124-43C5-9243-D20AAC1B2AB0}.Debug|iPhone.Build.0 = Debug|Any CPU
		{ACD9E2BC-9124-43C5-9243-D20AAC1B2AB0}.Debug|iPhone.Deploy.0 = Debug|Any CPU
		{ACD9E2BC-9124-43C5-9243-D20AAC1B2AB0}.Debug|iPhoneSimulator.ActiveCfg = Debug|Any CPU
		{ACD9E2BC-9124-43C5-9243-D20AAC1B2AB0}.Debug|iPhoneSimulator.Build.0 = Debug|Any CPU
		{ACD9E2BC-9124-43C5-9243-D20AAC1B2AB0}.Debug|iPhoneSimulator.Deploy.0 = Debug|Any CPU
		{ACD9E2BC-9124-43C5-9243-D20AAC1B2AB0}.Debug|x64.ActiveCfg = Debug|Any CPU
		{ACD9E2BC-9124-43C5-9243-D20AAC1B2AB0}.Debug|x64.Build.0 = Debug|Any CPU
		{ACD9E2BC-9124-43C5-9243-D20AAC1B2AB0}.Debug|x64.Deploy.0 = Debug|Any CPU
		{ACD9E2BC-9124-43C5-9243-D20AAC1B2AB0}.Debug|x86.ActiveCfg = Debug|Any CPU
		{ACD9E2BC-9124-43C5-9243-D20AAC1B2AB0}.Debug|x86.Build.0 = Debug|Any CPU
		{ACD9E2BC-9124-43C5-9243-D20AAC1B2AB0}.Debug|x86.Deploy.0 = Debug|Any CPU
		{ACD9E2BC-9124-43C5-9243-D20AAC1B2AB0}.Release|Any CPU.ActiveCfg = Release|Any CPU
		{ACD9E2BC-9124-43C5-9243-D20AAC1B2AB0}.Release|Any CPU.Build.0 = Release|Any CPU
		{ACD9E2BC-9124-43C5-9243-D20AAC1B2AB0}.Release|Any CPU.Deploy.0 = Release|Any CPU
		{ACD9E2BC-9124-43C5-9243-D20AAC1B2AB0}.Release|ARM.ActiveCfg = Release|Any CPU
		{ACD9E2BC-9124-43C5-9243-D20AAC1B2AB0}.Release|ARM.Build.0 = Release|Any CPU
		{ACD9E2BC-9124-43C5-9243-D20AAC1B2AB0}.Release|ARM.Deploy.0 = Release|Any CPU
		{ACD9E2BC-9124-43C5-9243-D20AAC1B2AB0}.Release|iPhone.ActiveCfg = Release|Any CPU
		{ACD9E2BC-9124-43C5-9243-D20AAC1B2AB0}.Release|iPhone.Build.0 = Release|Any CPU
		{ACD9E2BC-9124-43C5-9243-D20AAC1B2AB0}.Release|iPhone.Deploy.0 = Release|Any CPU
		{ACD9E2BC-9124-43C5-9243-D20AAC1B2AB0}.Release|iPhoneSimulator.ActiveCfg = Release|Any CPU
		{ACD9E2BC-9124-43C5-9243-D20AAC1B2AB0}.Release|iPhoneSimulator.Build.0 = Release|Any CPU
		{ACD9E2BC-9124-43C5-9243-D20AAC1B2AB0}.Release|iPhoneSimulator.Deploy.0 = Release|Any CPU
		{ACD9E2BC-9124-43C5-9243-D20AAC1B2AB0}.Release|x64.ActiveCfg = Release|Any CPU
		{ACD9E2BC-9124-43C5-9243-D20AAC1B2AB0}.Release|x64.Build.0 = Release|Any CPU
		{ACD9E2BC-9124-43C5-9243-D20AAC1B2AB0}.Release|x64.Deploy.0 = Release|Any CPU
		{ACD9E2BC-9124-43C5-9243-D20AAC1B2AB0}.Release|x86.ActiveCfg = Release|Any CPU
		{ACD9E2BC-9124-43C5-9243-D20AAC1B2AB0}.Release|x86.Build.0 = Release|Any CPU
		{ACD9E2BC-9124-43C5-9243-D20AAC1B2AB0}.Release|x86.Deploy.0 = Release|Any CPU
	EndGlobalSection
	GlobalSection(SolutionProperties) = preSolution
		HideSolutionNode = FALSE
	EndGlobalSection
	GlobalSection(ExtensibilityGlobals) = postSolution
		SolutionGuid = {B4A1D503-C110-45CD-88E4-7AF03A5A110D}
	EndGlobalSection
EndGlobal
